// !$*UTF8*$!
{
	archiveVersion = 1;
	classes = {
	};
	objectVersion = 56;
	objects = {

/* Begin PBXBuildFile section */
		1DAA72B22B078C89009EB85F /* Foody_BookApp.swift in Sources */ = {isa = PBXBuildFile; fileRef = 1DAA72B12B078C89009EB85F /* Foody_BookApp.swift */; };
		1DAA72B42B078C89009EB85F /* ContentView.swift in Sources */ = {isa = PBXBuildFile; fileRef = 1DAA72B32B078C89009EB85F /* ContentView.swift */; };
		1DAA72B62B078C89009EB85F /* Assets.xcassets in Resources */ = {isa = PBXBuildFile; fileRef = 1DAA72B52B078C89009EB85F /* Assets.xcassets */; };
		1DAA72B92B078C89009EB85F /* Preview Assets.xcassets in Resources */ = {isa = PBXBuildFile; fileRef = 1DAA72B82B078C89009EB85F /* Preview Assets.xcassets */; };
		1DAA72BE2B078C89009EB85F /* Foody_Book.xcdatamodeld in Sources */ = {isa = PBXBuildFile; fileRef = 1DAA72BC2B078C89009EB85F /* Foody_Book.xcdatamodeld */; };
		1DAA72C72B079995009EB85F /* SearchScreenView.swift in Sources */ = {isa = PBXBuildFile; fileRef = 1DAA72C62B079995009EB85F /* SearchScreenView.swift */; };
		1DAA72C92B0799A3009EB85F /* IngredientsScreenView.swift in Sources */ = {isa = PBXBuildFile; fileRef = 1DAA72C82B0799A3009EB85F /* IngredientsScreenView.swift */; };
		1DAA72CB2B0799B2009EB85F /* FavouritesScreenView.swift in Sources */ = {isa = PBXBuildFile; fileRef = 1DAA72CA2B0799B2009EB85F /* FavouritesScreenView.swift */; };
		1DAA72CF2B079C3C009EB85F /* RecipeDetailsScreenView.swift in Sources */ = {isa = PBXBuildFile; fileRef = 1DAA72CE2B079C3C009EB85F /* RecipeDetailsScreenView.swift */; };
		1DAA72D52B07A415009EB85F /* IngredientInformationView.swift in Sources */ = {isa = PBXBuildFile; fileRef = 1DAA72D42B07A415009EB85F /* IngredientInformationView.swift */; };
		1DAA72DA2B08E344009EB85F /* LocalDataController.swift in Sources */ = {isa = PBXBuildFile; fileRef = 1DAA72D92B08E344009EB85F /* LocalDataController.swift */; };
		1DAA72FE2B08EA2E009EB85F /* NewIngredientModalView.swift in Sources */ = {isa = PBXBuildFile; fileRef = 1DAA72FD2B08EA2E009EB85F /* NewIngredientModalView.swift */; };
		1DAA73012B08F3BA009EB85F /* DataModel.xcdatamodeld in Sources */ = {isa = PBXBuildFile; fileRef = 1DAA72FF2B08F3BA009EB85F /* DataModel.xcdatamodeld */; };
		1DAA73092B0A3C0E009EB85F /* MinifiedRecipeView.swift in Sources */ = {isa = PBXBuildFile; fileRef = 1DAA73082B0A3C0E009EB85F /* MinifiedRecipeView.swift */; };
		1DAA730C2B0A4C45009EB85F /* RoundedCornersViewExtenstion.swift in Sources */ = {isa = PBXBuildFile; fileRef = 1DAA730B2B0A4C45009EB85F /* RoundedCornersViewExtenstion.swift */; };
		1DAA730E2B0A5177009EB85F /* RemoteNetworkService.swift in Sources */ = {isa = PBXBuildFile; fileRef = 1DAA730D2B0A5177009EB85F /* RemoteNetworkService.swift */; };
		1DAA73102B0A5313009EB85F /* MinifiedRecipeModel.swift in Sources */ = {isa = PBXBuildFile; fileRef = 1DAA730F2B0A5313009EB85F /* MinifiedRecipeModel.swift */; };
		1DAA73132B0A5A21009EB85F /* SearchScreenViewModel.swift in Sources */ = {isa = PBXBuildFile; fileRef = 1DAA73122B0A5A21009EB85F /* SearchScreenViewModel.swift */; };
		1DAA73152B0A67D3009EB85F /* IngredientType.swift in Sources */ = {isa = PBXBuildFile; fileRef = 1DAA73142B0A67D3009EB85F /* IngredientType.swift */; };
		1DAA73172B0A809B009EB85F /* RecipeDetailedScreenViewModel.swift in Sources */ = {isa = PBXBuildFile; fileRef = 1DAA73162B0A809B009EB85F /* RecipeDetailedScreenViewModel.swift */; };
		1DAA73192B0A80CF009EB85F /* RecipeDetailedInformationModel.swift in Sources */ = {isa = PBXBuildFile; fileRef = 1DAA73182B0A80CF009EB85F /* RecipeDetailedInformationModel.swift */; };
		1DAA731D2B0A9BE0009EB85F /* DataExtensions.swift in Sources */ = {isa = PBXBuildFile; fileRef = 1DAA731C2B0A9BE0009EB85F /* DataExtensions.swift */; };
		1DAA731F2B0AC9DB009EB85F /* BadgeModel.swift in Sources */ = {isa = PBXBuildFile; fileRef = 1DAA731E2B0AC9DB009EB85F /* BadgeModel.swift */; };
		1DAA73232B0B1359009EB85F /* SearchType.swift in Sources */ = {isa = PBXBuildFile; fileRef = 1DAA73222B0B1359009EB85F /* SearchType.swift */; };
		1DAA73252B0B20A2009EB85F /* SearchField.swift in Sources */ = {isa = PBXBuildFile; fileRef = 1DAA73242B0B20A2009EB85F /* SearchField.swift */; };
		1DAA73272B0B9B47009EB85F /* IngredientsScreenViewModel.swift in Sources */ = {isa = PBXBuildFile; fileRef = 1DAA73262B0B9B47009EB85F /* IngredientsScreenViewModel.swift */; };
		1DAA73292B0B9F25009EB85F /* NewIngredientModalViewModel.swift in Sources */ = {isa = PBXBuildFile; fileRef = 1DAA73282B0B9F25009EB85F /* NewIngredientModalViewModel.swift */; };
		1DAA732B2B0BA044009EB85F /* FavouritesScreenViewModel.swift in Sources */ = {isa = PBXBuildFile; fileRef = 1DAA732A2B0BA044009EB85F /* FavouritesScreenViewModel.swift */; };
		7F01F597B4874C89B59BA0D7 /* Pods_Foody_Book.framework in Frameworks */ = {isa = PBXBuildFile; fileRef = 7792AECA2374B4C7A6498E74 /* Pods_Foody_Book.framework */; };
/* End PBXBuildFile section */

/* Begin PBXFileReference section */
		02FAD08A1B4F1381C0E76FFE /* Pods-Foody Book.release.xcconfig */ = {isa = PBXFileReference; includeInIndex = 1; lastKnownFileType = text.xcconfig; name = "Pods-Foody Book.release.xcconfig"; path = "Target Support Files/Pods-Foody Book/Pods-Foody Book.release.xcconfig"; sourceTree = "<group>"; };
		1DAA72AE2B078C89009EB85F /* Foody Book.app */ = {isa = PBXFileReference; explicitFileType = wrapper.application; includeInIndex = 0; path = "Foody Book.app"; sourceTree = BUILT_PRODUCTS_DIR; };
		1DAA72B12B078C89009EB85F /* Foody_BookApp.swift */ = {isa = PBXFileReference; lastKnownFileType = sourcecode.swift; path = Foody_BookApp.swift; sourceTree = "<group>"; };
		1DAA72B32B078C89009EB85F /* ContentView.swift */ = {isa = PBXFileReference; lastKnownFileType = sourcecode.swift; path = ContentView.swift; sourceTree = "<group>"; };
		1DAA72B52B078C89009EB85F /* Assets.xcassets */ = {isa = PBXFileReference; lastKnownFileType = folder.assetcatalog; path = Assets.xcassets; sourceTree = "<group>"; };
		1DAA72B82B078C89009EB85F /* Preview Assets.xcassets */ = {isa = PBXFileReference; lastKnownFileType = folder.assetcatalog; path = "Preview Assets.xcassets"; sourceTree = "<group>"; };
		1DAA72BD2B078C89009EB85F /* Foody_Book.xcdatamodel */ = {isa = PBXFileReference; lastKnownFileType = wrapper.xcdatamodel; path = Foody_Book.xcdatamodel; sourceTree = "<group>"; };
		1DAA72C62B079995009EB85F /* SearchScreenView.swift */ = {isa = PBXFileReference; lastKnownFileType = sourcecode.swift; path = SearchScreenView.swift; sourceTree = "<group>"; };
		1DAA72C82B0799A3009EB85F /* IngredientsScreenView.swift */ = {isa = PBXFileReference; lastKnownFileType = sourcecode.swift; path = IngredientsScreenView.swift; sourceTree = "<group>"; };
		1DAA72CA2B0799B2009EB85F /* FavouritesScreenView.swift */ = {isa = PBXFileReference; lastKnownFileType = sourcecode.swift; path = FavouritesScreenView.swift; sourceTree = "<group>"; };
		1DAA72CE2B079C3C009EB85F /* RecipeDetailsScreenView.swift */ = {isa = PBXFileReference; lastKnownFileType = sourcecode.swift; path = RecipeDetailsScreenView.swift; sourceTree = "<group>"; };
		1DAA72D42B07A415009EB85F /* IngredientInformationView.swift */ = {isa = PBXFileReference; lastKnownFileType = sourcecode.swift; path = IngredientInformationView.swift; sourceTree = "<group>"; };
		1DAA72D92B08E344009EB85F /* LocalDataController.swift */ = {isa = PBXFileReference; lastKnownFileType = sourcecode.swift; path = LocalDataController.swift; sourceTree = "<group>"; };
		1DAA72FD2B08EA2E009EB85F /* NewIngredientModalView.swift */ = {isa = PBXFileReference; lastKnownFileType = sourcecode.swift; path = NewIngredientModalView.swift; sourceTree = "<group>"; };
		1DAA73002B08F3BA009EB85F /* DataModel.xcdatamodel */ = {isa = PBXFileReference; lastKnownFileType = wrapper.xcdatamodel; path = DataModel.xcdatamodel; sourceTree = "<group>"; };
		1DAA73082B0A3C0E009EB85F /* MinifiedRecipeView.swift */ = {isa = PBXFileReference; lastKnownFileType = sourcecode.swift; path = MinifiedRecipeView.swift; sourceTree = "<group>"; };
		1DAA730B2B0A4C45009EB85F /* RoundedCornersViewExtenstion.swift */ = {isa = PBXFileReference; lastKnownFileType = sourcecode.swift; path = RoundedCornersViewExtenstion.swift; sourceTree = "<group>"; };
		1DAA730D2B0A5177009EB85F /* RemoteNetworkService.swift */ = {isa = PBXFileReference; lastKnownFileType = sourcecode.swift; path = RemoteNetworkService.swift; sourceTree = "<group>"; };
		1DAA730F2B0A5313009EB85F /* MinifiedRecipeModel.swift */ = {isa = PBXFileReference; lastKnownFileType = sourcecode.swift; path = MinifiedRecipeModel.swift; sourceTree = "<group>"; };
		1DAA73122B0A5A21009EB85F /* SearchScreenViewModel.swift */ = {isa = PBXFileReference; lastKnownFileType = sourcecode.swift; path = SearchScreenViewModel.swift; sourceTree = "<group>"; };
		1DAA73142B0A67D3009EB85F /* IngredientType.swift */ = {isa = PBXFileReference; lastKnownFileType = sourcecode.swift; path = IngredientType.swift; sourceTree = "<group>"; };
		1DAA73162B0A809B009EB85F /* RecipeDetailedScreenViewModel.swift */ = {isa = PBXFileReference; lastKnownFileType = sourcecode.swift; path = RecipeDetailedScreenViewModel.swift; sourceTree = "<group>"; };
		1DAA73182B0A80CF009EB85F /* RecipeDetailedInformationModel.swift */ = {isa = PBXFileReference; lastKnownFileType = sourcecode.swift; path = RecipeDetailedInformationModel.swift; sourceTree = "<group>"; };
		1DAA731C2B0A9BE0009EB85F /* DataExtensions.swift */ = {isa = PBXFileReference; lastKnownFileType = sourcecode.swift; path = DataExtensions.swift; sourceTree = "<group>"; };
		1DAA731E2B0AC9DB009EB85F /* BadgeModel.swift */ = {isa = PBXFileReference; lastKnownFileType = sourcecode.swift; path = BadgeModel.swift; sourceTree = "<group>"; };
		1DAA73222B0B1359009EB85F /* SearchType.swift */ = {isa = PBXFileReference; lastKnownFileType = sourcecode.swift; path = SearchType.swift; sourceTree = "<group>"; };
		1DAA73242B0B20A2009EB85F /* SearchField.swift */ = {isa = PBXFileReference; lastKnownFileType = sourcecode.swift; path = SearchField.swift; sourceTree = "<group>"; };
		1DAA73262B0B9B47009EB85F /* IngredientsScreenViewModel.swift */ = {isa = PBXFileReference; lastKnownFileType = sourcecode.swift; path = IngredientsScreenViewModel.swift; sourceTree = "<group>"; };
		1DAA73282B0B9F25009EB85F /* NewIngredientModalViewModel.swift */ = {isa = PBXFileReference; lastKnownFileType = sourcecode.swift; path = NewIngredientModalViewModel.swift; sourceTree = "<group>"; };
		1DAA732A2B0BA044009EB85F /* FavouritesScreenViewModel.swift */ = {isa = PBXFileReference; lastKnownFileType = sourcecode.swift; path = FavouritesScreenViewModel.swift; sourceTree = "<group>"; };
		7792AECA2374B4C7A6498E74 /* Pods_Foody_Book.framework */ = {isa = PBXFileReference; explicitFileType = wrapper.framework; includeInIndex = 0; path = Pods_Foody_Book.framework; sourceTree = BUILT_PRODUCTS_DIR; };
		A11DFA3AE509AE988D2D8710 /* Pods-Foody Book.debug.xcconfig */ = {isa = PBXFileReference; includeInIndex = 1; lastKnownFileType = text.xcconfig; name = "Pods-Foody Book.debug.xcconfig"; path = "Target Support Files/Pods-Foody Book/Pods-Foody Book.debug.xcconfig"; sourceTree = "<group>"; };
/* End PBXFileReference section */

/* Begin PBXFrameworksBuildPhase section */
		1DAA72AB2B078C89009EB85F /* Frameworks */ = {
			isa = PBXFrameworksBuildPhase;
			buildActionMask = 2147483647;
			files = (
				7F01F597B4874C89B59BA0D7 /* Pods_Foody_Book.framework in Frameworks */,
			);
			runOnlyForDeploymentPostprocessing = 0;
		};
/* End PBXFrameworksBuildPhase section */

/* Begin PBXGroup section */
		1DAA72A52B078C89009EB85F = {
			isa = PBXGroup;
			children = (
				1DAA72B02B078C89009EB85F /* Foody Book */,
				1DAA72AF2B078C89009EB85F /* Products */,
				64276497050C797CD620E2FC /* Pods */,
				C073228139F916605EB88397 /* Frameworks */,
			);
			sourceTree = "<group>";
		};
		1DAA72AF2B078C89009EB85F /* Products */ = {
			isa = PBXGroup;
			children = (
				1DAA72AE2B078C89009EB85F /* Foody Book.app */,
			);
			name = Products;
			sourceTree = "<group>";
		};
		1DAA72B02B078C89009EB85F /* Foody Book */ = {
			isa = PBXGroup;
			children = (
				1DAA730A2B0A4C05009EB85F /* Helpers */,
				1DAA72B12B078C89009EB85F /* Foody_BookApp.swift */,
				1DAA72D32B07A38F009EB85F /* data */,
				1DAA72D12B07A365009EB85F /* presentation */,
				1DAA72B52B078C89009EB85F /* Assets.xcassets */,
				1DAA72BC2B078C89009EB85F /* Foody_Book.xcdatamodeld */,
				1DAA72B72B078C89009EB85F /* Preview Content */,
			);
			path = "Foody Book";
			sourceTree = "<group>";
		};
		1DAA72B72B078C89009EB85F /* Preview Content */ = {
			isa = PBXGroup;
			children = (
				1DAA72B82B078C89009EB85F /* Preview Assets.xcassets */,
			);
			path = "Preview Content";
			sourceTree = "<group>";
		};
		1DAA72C52B079966009EB85F /* Screens */ = {
			isa = PBXGroup;
			children = (
				1DAA72B32B078C89009EB85F /* ContentView.swift */,
				1DAA72C62B079995009EB85F /* SearchScreenView.swift */,
				1DAA72C82B0799A3009EB85F /* IngredientsScreenView.swift */,
				1DAA72CA2B0799B2009EB85F /* FavouritesScreenView.swift */,
				1DAA72CE2B079C3C009EB85F /* RecipeDetailsScreenView.swift */,
			);
			path = Screens;
			sourceTree = "<group>";
		};
		1DAA72D02B07A2C5009EB85F /* Views */ = {
			isa = PBXGroup;
			children = (
				1DAA72FD2B08EA2E009EB85F /* NewIngredientModalView.swift */,
				1DAA72D42B07A415009EB85F /* IngredientInformationView.swift */,
				1DAA73082B0A3C0E009EB85F /* MinifiedRecipeView.swift */,
				1DAA73242B0B20A2009EB85F /* SearchField.swift */,
			);
			path = Views;
			sourceTree = "<group>";
		};
		1DAA72D12B07A365009EB85F /* presentation */ = {
			isa = PBXGroup;
			children = (
				1DAA73112B0A5A09009EB85F /* ViewModels */,
				1DAA72D02B07A2C5009EB85F /* Views */,
				1DAA72C52B079966009EB85F /* Screens */,
			);
			path = presentation;
			sourceTree = "<group>";
		};
		1DAA72D32B07A38F009EB85F /* data */ = {
			isa = PBXGroup;
			children = (
				1DAA72D82B08E323009EB85F /* models */,
				1DAA72D92B08E344009EB85F /* LocalDataController.swift */,
				1DAA730D2B0A5177009EB85F /* RemoteNetworkService.swift */,
			);
			path = data;
			sourceTree = "<group>";
		};
		1DAA72D82B08E323009EB85F /* models */ = {
			isa = PBXGroup;
			children = (
				1DAA72FF2B08F3BA009EB85F /* DataModel.xcdatamodeld */,
				1DAA730F2B0A5313009EB85F /* MinifiedRecipeModel.swift */,
				1DAA73142B0A67D3009EB85F /* IngredientType.swift */,
				1DAA73182B0A80CF009EB85F /* RecipeDetailedInformationModel.swift */,
				1DAA731E2B0AC9DB009EB85F /* BadgeModel.swift */,
				1DAA73222B0B1359009EB85F /* SearchType.swift */,
			);
			path = models;
			sourceTree = "<group>";
		};
		1DAA730A2B0A4C05009EB85F /* Helpers */ = {
			isa = PBXGroup;
			children = (
				1DAA730B2B0A4C45009EB85F /* RoundedCornersViewExtenstion.swift */,
				1DAA731C2B0A9BE0009EB85F /* DataExtensions.swift */,
			);
			path = Helpers;
			sourceTree = "<group>";
		};
		1DAA73112B0A5A09009EB85F /* ViewModels */ = {
			isa = PBXGroup;
			children = (
				1DAA73122B0A5A21009EB85F /* SearchScreenViewModel.swift */,
				1DAA73162B0A809B009EB85F /* RecipeDetailedScreenViewModel.swift */,
				1DAA73262B0B9B47009EB85F /* IngredientsScreenViewModel.swift */,
				1DAA73282B0B9F25009EB85F /* NewIngredientModalViewModel.swift */,
				1DAA732A2B0BA044009EB85F /* FavouritesScreenViewModel.swift */,
			);
			path = ViewModels;
			sourceTree = "<group>";
		};
		64276497050C797CD620E2FC /* Pods */ = {
			isa = PBXGroup;
			children = (
				A11DFA3AE509AE988D2D8710 /* Pods-Foody Book.debug.xcconfig */,
				02FAD08A1B4F1381C0E76FFE /* Pods-Foody Book.release.xcconfig */,
			);
			path = Pods;
			sourceTree = "<group>";
		};
		C073228139F916605EB88397 /* Frameworks */ = {
			isa = PBXGroup;
			children = (
				7792AECA2374B4C7A6498E74 /* Pods_Foody_Book.framework */,
			);
			name = Frameworks;
			sourceTree = "<group>";
		};
/* End PBXGroup section */

/* Begin PBXNativeTarget section */
		1DAA72AD2B078C89009EB85F /* Foody Book */ = {
			isa = PBXNativeTarget;
			buildConfigurationList = 1DAA72C12B078C89009EB85F /* Build configuration list for PBXNativeTarget "Foody Book" */;
			buildPhases = (
				2CA86BC47AF2FC6DDB9702CC /* [CP] Check Pods Manifest.lock */,
				1DAA72C42B078F54009EB85F /* SwiftLint */,
				1DAA72AA2B078C89009EB85F /* Sources */,
				1DAA72AB2B078C89009EB85F /* Frameworks */,
				1DAA72AC2B078C89009EB85F /* Resources */,
			);
			buildRules = (
			);
			dependencies = (
			);
			name = "Foody Book";
			productName = "Foody Book";
			productReference = 1DAA72AE2B078C89009EB85F /* Foody Book.app */;
			productType = "com.apple.product-type.application";
		};
/* End PBXNativeTarget section */

/* Begin PBXProject section */
		1DAA72A62B078C89009EB85F /* Project object */ = {
			isa = PBXProject;
			attributes = {
				BuildIndependentTargetsInParallel = 1;
				LastSwiftUpdateCheck = 1430;
				LastUpgradeCheck = 1430;
				TargetAttributes = {
					1DAA72AD2B078C89009EB85F = {
						CreatedOnToolsVersion = 14.3.1;
					};
				};
			};
			buildConfigurationList = 1DAA72A92B078C89009EB85F /* Build configuration list for PBXProject "Foody Book" */;
			compatibilityVersion = "Xcode 14.0";
			developmentRegion = en;
			hasScannedForEncodings = 0;
			knownRegions = (
				en,
				Base,
			);
			mainGroup = 1DAA72A52B078C89009EB85F;
			productRefGroup = 1DAA72AF2B078C89009EB85F /* Products */;
			projectDirPath = "";
			projectRoot = "";
			targets = (
				1DAA72AD2B078C89009EB85F /* Foody Book */,
			);
		};
/* End PBXProject section */

/* Begin PBXResourcesBuildPhase section */
		1DAA72AC2B078C89009EB85F /* Resources */ = {
			isa = PBXResourcesBuildPhase;
			buildActionMask = 2147483647;
			files = (
				1DAA72B92B078C89009EB85F /* Preview Assets.xcassets in Resources */,
				1DAA72B62B078C89009EB85F /* Assets.xcassets in Resources */,
			);
			runOnlyForDeploymentPostprocessing = 0;
		};
/* End PBXResourcesBuildPhase section */

/* Begin PBXShellScriptBuildPhase section */
		1DAA72C42B078F54009EB85F /* SwiftLint */ = {
			isa = PBXShellScriptBuildPhase;
			buildActionMask = 2147483647;
			files = (
			);
			inputFileListPaths = (
			);
			inputPaths = (
			);
			name = SwiftLint;
			outputFileListPaths = (
			);
			outputPaths = (
			);
			runOnlyForDeploymentPostprocessing = 0;
			shellPath = /bin/sh;
			shellScript = "\"${PODS_ROOT}/SwiftLint/swiftlint\"\n";
		};
		2CA86BC47AF2FC6DDB9702CC /* [CP] Check Pods Manifest.lock */ = {
			isa = PBXShellScriptBuildPhase;
			buildActionMask = 2147483647;
			files = (
			);
			inputFileListPaths = (
			);
			inputPaths = (
				"${PODS_PODFILE_DIR_PATH}/Podfile.lock",
				"${PODS_ROOT}/Manifest.lock",
			);
			name = "[CP] Check Pods Manifest.lock";
			outputFileListPaths = (
			);
			outputPaths = (
				"$(DERIVED_FILE_DIR)/Pods-Foody Book-checkManifestLockResult.txt",
			);
			runOnlyForDeploymentPostprocessing = 0;
			shellPath = /bin/sh;
			shellScript = "diff \"${PODS_PODFILE_DIR_PATH}/Podfile.lock\" \"${PODS_ROOT}/Manifest.lock\" > /dev/null\nif [ $? != 0 ] ; then\n    # print error to STDERR\n    echo \"error: The sandbox is not in sync with the Podfile.lock. Run 'pod install' or update your CocoaPods installation.\" >&2\n    exit 1\nfi\n# This output is used by Xcode 'outputs' to avoid re-running this script phase.\necho \"SUCCESS\" > \"${SCRIPT_OUTPUT_FILE_0}\"\n";
			showEnvVarsInLog = 0;
		};
/* End PBXShellScriptBuildPhase section */

/* Begin PBXSourcesBuildPhase section */
		1DAA72AA2B078C89009EB85F /* Sources */ = {
			isa = PBXSourcesBuildPhase;
			buildActionMask = 2147483647;
			files = (
				1DAA730E2B0A5177009EB85F /* RemoteNetworkService.swift in Sources */,
				1DAA73232B0B1359009EB85F /* SearchType.swift in Sources */,
				1DAA72CB2B0799B2009EB85F /* FavouritesScreenView.swift in Sources */,
				1DAA72DA2B08E344009EB85F /* LocalDataController.swift in Sources */,
				1DAA72FE2B08EA2E009EB85F /* NewIngredientModalView.swift in Sources */,
				1DAA72D52B07A415009EB85F /* IngredientInformationView.swift in Sources */,
				1DAA72CF2B079C3C009EB85F /* RecipeDetailsScreenView.swift in Sources */,
				1DAA72C92B0799A3009EB85F /* IngredientsScreenView.swift in Sources */,
				1DAA73152B0A67D3009EB85F /* IngredientType.swift in Sources */,
				1DAA72B42B078C89009EB85F /* ContentView.swift in Sources */,
				1DAA732B2B0BA044009EB85F /* FavouritesScreenViewModel.swift in Sources */,
				1DAA73252B0B20A2009EB85F /* SearchField.swift in Sources */,
				1DAA73132B0A5A21009EB85F /* SearchScreenViewModel.swift in Sources */,
				1DAA731D2B0A9BE0009EB85F /* DataExtensions.swift in Sources */,
				1DAA73172B0A809B009EB85F /* RecipeDetailedScreenViewModel.swift in Sources */,
				1DAA73292B0B9F25009EB85F /* NewIngredientModalViewModel.swift in Sources */,
				1DAA73272B0B9B47009EB85F /* IngredientsScreenViewModel.swift in Sources */,
				1DAA731F2B0AC9DB009EB85F /* BadgeModel.swift in Sources */,
				1DAA72BE2B078C89009EB85F /* Foody_Book.xcdatamodeld in Sources */,
				1DAA73012B08F3BA009EB85F /* DataModel.xcdatamodeld in Sources */,
				1DAA72C72B079995009EB85F /* SearchScreenView.swift in Sources */,
				1DAA73102B0A5313009EB85F /* MinifiedRecipeModel.swift in Sources */,
				1DAA73192B0A80CF009EB85F /* RecipeDetailedInformationModel.swift in Sources */,
				1DAA72B22B078C89009EB85F /* Foody_BookApp.swift in Sources */,
				1DAA73092B0A3C0E009EB85F /* MinifiedRecipeView.swift in Sources */,
				1DAA730C2B0A4C45009EB85F /* RoundedCornersViewExtenstion.swift in Sources */,
			);
			runOnlyForDeploymentPostprocessing = 0;
		};
/* End PBXSourcesBuildPhase section */

/* Begin XCBuildConfiguration section */
		1DAA72BF2B078C89009EB85F /* Debug */ = {
			isa = XCBuildConfiguration;
			buildSettings = {
				ALWAYS_SEARCH_USER_PATHS = NO;
				CLANG_ANALYZER_NONNULL = YES;
				CLANG_ANALYZER_NUMBER_OBJECT_CONVERSION = YES_AGGRESSIVE;
				CLANG_CXX_LANGUAGE_STANDARD = "gnu++20";
				CLANG_ENABLE_MODULES = YES;
				CLANG_ENABLE_OBJC_ARC = YES;
				CLANG_ENABLE_OBJC_WEAK = YES;
				CLANG_WARN_BLOCK_CAPTURE_AUTORELEASING = YES;
				CLANG_WARN_BOOL_CONVERSION = YES;
				CLANG_WARN_COMMA = YES;
				CLANG_WARN_CONSTANT_CONVERSION = YES;
				CLANG_WARN_DEPRECATED_OBJC_IMPLEMENTATIONS = YES;
				CLANG_WARN_DIRECT_OBJC_ISA_USAGE = YES_ERROR;
				CLANG_WARN_DOCUMENTATION_COMMENTS = YES;
				CLANG_WARN_EMPTY_BODY = YES;
				CLANG_WARN_ENUM_CONVERSION = YES;
				CLANG_WARN_INFINITE_RECURSION = YES;
				CLANG_WARN_INT_CONVERSION = YES;
				CLANG_WARN_NON_LITERAL_NULL_CONVERSION = YES;
				CLANG_WARN_OBJC_IMPLICIT_RETAIN_SELF = YES;
				CLANG_WARN_OBJC_LITERAL_CONVERSION = YES;
				CLANG_WARN_OBJC_ROOT_CLASS = YES_ERROR;
				CLANG_WARN_QUOTED_INCLUDE_IN_FRAMEWORK_HEADER = YES;
				CLANG_WARN_RANGE_LOOP_ANALYSIS = YES;
				CLANG_WARN_STRICT_PROTOTYPES = YES;
				CLANG_WARN_SUSPICIOUS_MOVE = YES;
				CLANG_WARN_UNGUARDED_AVAILABILITY = YES_AGGRESSIVE;
				CLANG_WARN_UNREACHABLE_CODE = YES;
				CLANG_WARN__DUPLICATE_METHOD_MATCH = YES;
				COPY_PHASE_STRIP = NO;
				DEBUG_INFORMATION_FORMAT = dwarf;
				ENABLE_STRICT_OBJC_MSGSEND = YES;
				ENABLE_TESTABILITY = YES;
				GCC_C_LANGUAGE_STANDARD = gnu11;
				GCC_DYNAMIC_NO_PIC = NO;
				GCC_NO_COMMON_BLOCKS = YES;
				GCC_OPTIMIZATION_LEVEL = 0;
				GCC_PREPROCESSOR_DEFINITIONS = (
					"DEBUG=1",
					"$(inherited)",
				);
				GCC_WARN_64_TO_32_BIT_CONVERSION = YES;
				GCC_WARN_ABOUT_RETURN_TYPE = YES_ERROR;
				GCC_WARN_UNDECLARED_SELECTOR = YES;
				GCC_WARN_UNINITIALIZED_AUTOS = YES_AGGRESSIVE;
				GCC_WARN_UNUSED_FUNCTION = YES;
				GCC_WARN_UNUSED_VARIABLE = YES;
				IPHONEOS_DEPLOYMENT_TARGET = 15.0;
				MTL_ENABLE_DEBUG_INFO = INCLUDE_SOURCE;
				MTL_FAST_MATH = YES;
				ONLY_ACTIVE_ARCH = YES;
				SDKROOT = iphoneos;
				SWIFT_ACTIVE_COMPILATION_CONDITIONS = DEBUG;
				SWIFT_OPTIMIZATION_LEVEL = "-Onone";
			};
			name = Debug;
		};
		1DAA72C02B078C89009EB85F /* Release */ = {
			isa = XCBuildConfiguration;
			buildSettings = {
				ALWAYS_SEARCH_USER_PATHS = NO;
				CLANG_ANALYZER_NONNULL = YES;
				CLANG_ANALYZER_NUMBER_OBJECT_CONVERSION = YES_AGGRESSIVE;
				CLANG_CXX_LANGUAGE_STANDARD = "gnu++20";
				CLANG_ENABLE_MODULES = YES;
				CLANG_ENABLE_OBJC_ARC = YES;
				CLANG_ENABLE_OBJC_WEAK = YES;
				CLANG_WARN_BLOCK_CAPTURE_AUTORELEASING = YES;
				CLANG_WARN_BOOL_CONVERSION = YES;
				CLANG_WARN_COMMA = YES;
				CLANG_WARN_CONSTANT_CONVERSION = YES;
				CLANG_WARN_DEPRECATED_OBJC_IMPLEMENTATIONS = YES;
				CLANG_WARN_DIRECT_OBJC_ISA_USAGE = YES_ERROR;
				CLANG_WARN_DOCUMENTATION_COMMENTS = YES;
				CLANG_WARN_EMPTY_BODY = YES;
				CLANG_WARN_ENUM_CONVERSION = YES;
				CLANG_WARN_INFINITE_RECURSION = YES;
				CLANG_WARN_INT_CONVERSION = YES;
				CLANG_WARN_NON_LITERAL_NULL_CONVERSION = YES;
				CLANG_WARN_OBJC_IMPLICIT_RETAIN_SELF = YES;
				CLANG_WARN_OBJC_LITERAL_CONVERSION = YES;
				CLANG_WARN_OBJC_ROOT_CLASS = YES_ERROR;
				CLANG_WARN_QUOTED_INCLUDE_IN_FRAMEWORK_HEADER = YES;
				CLANG_WARN_RANGE_LOOP_ANALYSIS = YES;
				CLANG_WARN_STRICT_PROTOTYPES = YES;
				CLANG_WARN_SUSPICIOUS_MOVE = YES;
				CLANG_WARN_UNGUARDED_AVAILABILITY = YES_AGGRESSIVE;
				CLANG_WARN_UNREACHABLE_CODE = YES;
				CLANG_WARN__DUPLICATE_METHOD_MATCH = YES;
				COPY_PHASE_STRIP = NO;
				DEBUG_INFORMATION_FORMAT = "dwarf-with-dsym";
				ENABLE_NS_ASSERTIONS = NO;
				ENABLE_STRICT_OBJC_MSGSEND = YES;
				GCC_C_LANGUAGE_STANDARD = gnu11;
				GCC_NO_COMMON_BLOCKS = YES;
				GCC_WARN_64_TO_32_BIT_CONVERSION = YES;
				GCC_WARN_ABOUT_RETURN_TYPE = YES_ERROR;
				GCC_WARN_UNDECLARED_SELECTOR = YES;
				GCC_WARN_UNINITIALIZED_AUTOS = YES_AGGRESSIVE;
				GCC_WARN_UNUSED_FUNCTION = YES;
				GCC_WARN_UNUSED_VARIABLE = YES;
				IPHONEOS_DEPLOYMENT_TARGET = 15.0;
				MTL_ENABLE_DEBUG_INFO = NO;
				MTL_FAST_MATH = YES;
				SDKROOT = iphoneos;
				SWIFT_COMPILATION_MODE = wholemodule;
				SWIFT_OPTIMIZATION_LEVEL = "-O";
				VALIDATE_PRODUCT = YES;
			};
			name = Release;
		};
		1DAA72C22B078C89009EB85F /* Debug */ = {
			isa = XCBuildConfiguration;
			baseConfigurationReference = A11DFA3AE509AE988D2D8710 /* Pods-Foody Book.debug.xcconfig */;
			buildSettings = {
				ASSETCATALOG_COMPILER_APPICON_NAME = AppIcon;
				ASSETCATALOG_COMPILER_GLOBAL_ACCENT_COLOR_NAME = AccentColor;
				CODE_SIGN_STYLE = Automatic;
				CURRENT_PROJECT_VERSION = 1;
				DEVELOPMENT_ASSET_PATHS = "\"Foody Book/Preview Content\"";
				ENABLE_PREVIEWS = YES;
				GENERATE_INFOPLIST_FILE = YES;
				INFOPLIST_KEY_UIApplicationSceneManifest_Generation = YES;
				INFOPLIST_KEY_UIApplicationSupportsIndirectInputEvents = YES;
				INFOPLIST_KEY_UILaunchScreen_Generation = YES;
				INFOPLIST_KEY_UISupportedInterfaceOrientations = UIInterfaceOrientationPortrait;
				INFOPLIST_KEY_UISupportedInterfaceOrientations_iPad = "UIInterfaceOrientationLandscapeLeft UIInterfaceOrientationLandscapeRight UIInterfaceOrientationPortrait UIInterfaceOrientationPortraitUpsideDown";
				IPHONEOS_DEPLOYMENT_TARGET = 15.0;
				LD_RUNPATH_SEARCH_PATHS = (
					"$(inherited)",
					"@executable_path/Frameworks",
				);
				MARKETING_VERSION = 1.0;
				PRODUCT_BUNDLE_IDENTIFIER = "evdokimov-al.Foody-Book";
				PRODUCT_NAME = "$(TARGET_NAME)";
				SWIFT_EMIT_LOC_STRINGS = YES;
				SWIFT_VERSION = 5.0;
				TARGETED_DEVICE_FAMILY = "1,2";
			};
			name = Debug;
		};
		1DAA72C32B078C89009EB85F /* Release */ = {
			isa = XCBuildConfiguration;
			baseConfigurationReference = 02FAD08A1B4F1381C0E76FFE /* Pods-Foody Book.release.xcconfig */;
			buildSettings = {
				ASSETCATALOG_COMPILER_APPICON_NAME = AppIcon;
				ASSETCATALOG_COMPILER_GLOBAL_ACCENT_COLOR_NAME = AccentColor;
				CODE_SIGN_STYLE = Automatic;
				CURRENT_PROJECT_VERSION = 1;
				DEVELOPMENT_ASSET_PATHS = "\"Foody Book/Preview Content\"";
				ENABLE_PREVIEWS = YES;
				GENERATE_INFOPLIST_FILE = YES;
				INFOPLIST_KEY_UIApplicationSceneManifest_Generation = YES;
				INFOPLIST_KEY_UIApplicationSupportsIndirectInputEvents = YES;
				INFOPLIST_KEY_UILaunchScreen_Generation = YES;
				INFOPLIST_KEY_UISupportedInterfaceOrientations = UIInterfaceOrientationPortrait;
				INFOPLIST_KEY_UISupportedInterfaceOrientations_iPad = "UIInterfaceOrientationLandscapeLeft UIInterfaceOrientationLandscapeRight UIInterfaceOrientationPortrait UIInterfaceOrientationPortraitUpsideDown";
				IPHONEOS_DEPLOYMENT_TARGET = 15.0;
				LD_RUNPATH_SEARCH_PATHS = (
					"$(inherited)",
					"@executable_path/Frameworks",
				);
				MARKETING_VERSION = 1.0;
				PRODUCT_BUNDLE_IDENTIFIER = "evdokimov-al.Foody-Book";
				PRODUCT_NAME = "$(TARGET_NAME)";
				SWIFT_EMIT_LOC_STRINGS = YES;
				SWIFT_VERSION = 5.0;
				TARGETED_DEVICE_FAMILY = "1,2";
			};
			name = Release;
		};
/* End XCBuildConfiguration section */

/* Begin XCConfigurationList section */
		1DAA72A92B078C89009EB85F /* Build configuration list for PBXProject "Foody Book" */ = {
			isa = XCConfigurationList;
			buildConfigurations = (
				1DAA72BF2B078C89009EB85F /* Debug */,
				1DAA72C02B078C89009EB85F /* Release */,
			);
			defaultConfigurationIsVisible = 0;
			defaultConfigurationName = Release;
		};
		1DAA72C12B078C89009EB85F /* Build configuration list for PBXNativeTarget "Foody Book" */ = {
			isa = XCConfigurationList;
			buildConfigurations = (
				1DAA72C22B078C89009EB85F /* Debug */,
				1DAA72C32B078C89009EB85F /* Release */,
			);
			defaultConfigurationIsVisible = 0;
			defaultConfigurationName = Release;
		};
/* End XCConfigurationList section */

/* Begin XCVersionGroup section */
		1DAA72BC2B078C89009EB85F /* Foody_Book.xcdatamodeld */ = {
			isa = XCVersionGroup;
			children = (
				1DAA72BD2B078C89009EB85F /* Foody_Book.xcdatamodel */,
			);
			currentVersion = 1DAA72BD2B078C89009EB85F /* Foody_Book.xcdatamodel */;
			path = Foody_Book.xcdatamodeld;
			sourceTree = "<group>";
			versionGroupType = wrapper.xcdatamodel;
		};
		1DAA72FF2B08F3BA009EB85F /* DataModel.xcdatamodeld */ = {
			isa = XCVersionGroup;
			children = (
				1DAA73002B08F3BA009EB85F /* DataModel.xcdatamodel */,
			);
			currentVersion = 1DAA73002B08F3BA009EB85F /* DataModel.xcdatamodel */;
			path = DataModel.xcdatamodeld;
			sourceTree = "<group>";
			versionGroupType = wrapper.xcdatamodel;
		};
/* End XCVersionGroup section */
	};
	rootObject = 1DAA72A62B078C89009EB85F /* Project object */;
}
